
Microsoft Visual Studio Solution File, Format Version 12.00
# Visual Studio for Mac
Project("{FAE04EC0-301F-11D3-BF4B-00C04F79EFBC}") = "ghostly toast", "ghostly toast.csproj", "{D6E3B0D9-E11B-0DBC-B5A6-EE984FA37F7D}"
EndProject
Global
	GlobalSection(SolutionConfigurationPlatforms) = preSolution
		Debug|Any CPU = Debug|Any CPU
		Release|Any CPU = Release|Any CPU
	EndGlobalSection
	GlobalSection(ProjectConfigurationPlatforms) = postSolution
		{D6E3B0D9-E11B-0DBC-B5A6-EE984FA37F7D}.Debug|Any CPU.ActiveCfg = Debug|Any CPU
		{D6E3B0D9-E11B-0DBC-B5A6-EE984FA37F7D}.Debug|Any CPU.Build.0 = Debug|Any CPU
		{D6E3B0D9-E11B-0DBC-B5A6-EE984FA37F7D}.Release|Any CPU.ActiveCfg = Release|Any CPU
		{D6E3B0D9-E11B-0DBC-B5A6-EE984FA37F7D}.Release|Any CPU.Build.0 = Release|Any CPU
	EndGlobalSection
	GlobalSection(SolutionProperties) = preSolution
		HideSolutionNode = FALSE
	EndGlobalSection
EndGlobal
