
Microsoft Visual Studio Solution File, Format Version 12.00
# Visual Studio for Mac
Project("{FAE04EC0-301F-11D3-BF4B-00C04F79EFBC}") = "ghostly-toast-github", "ghostly-toast-github.csproj", "{7E880A35-2822-509B-AABC-26F43818C695}"
EndProject
Global
	GlobalSection(SolutionConfigurationPlatforms) = preSolution
		Debug|Any CPU = Debug|Any CPU
		Release|Any CPU = Release|Any CPU
	EndGlobalSection
	GlobalSection(ProjectConfigurationPlatforms) = postSolution
		{7E880A35-2822-509B-AABC-26F43818C695}.Debug|Any CPU.ActiveCfg = Debug|Any CPU
		{7E880A35-2822-509B-AABC-26F43818C695}.Debug|Any CPU.Build.0 = Debug|Any CPU
		{7E880A35-2822-509B-AABC-26F43818C695}.Release|Any CPU.ActiveCfg = Release|Any CPU
		{7E880A35-2822-509B-AABC-26F43818C695}.Release|Any CPU.Build.0 = Release|Any CPU
	EndGlobalSection
	GlobalSection(SolutionProperties) = preSolution
		HideSolutionNode = FALSE
	EndGlobalSection
EndGlobal
